// !$*UTF8*$!
{
	archiveVersion = 1;
	classes = {
	};
	objectVersion = 56;
	objects = {

/* Begin PBXBuildFile section */
		E70B51112BADDEC900BA5375 /* AppDelegate.swift in Sources */ = {isa = PBXBuildFile; fileRef = E70B51102BADDEC900BA5375 /* AppDelegate.swift */; };
		E70B51132BADDEC900BA5375 /* SceneDelegate.swift in Sources */ = {isa = PBXBuildFile; fileRef = E70B51122BADDEC900BA5375 /* SceneDelegate.swift */; };
		E70B51152BADDEC900BA5375 /* ViewController.swift in Sources */ = {isa = PBXBuildFile; fileRef = E70B51142BADDEC900BA5375 /* ViewController.swift */; };
		E70B51182BADDEC900BA5375 /* Base in Resources */ = {isa = PBXBuildFile; fileRef = E70B51172BADDEC900BA5375 /* Base */; };
		E70B511B2BADDEC900BA5375 /* PracticeApp.xcdatamodeld in Sources */ = {isa = PBXBuildFile; fileRef = E70B51192BADDEC900BA5375 /* PracticeApp.xcdatamodeld */; };
		E70B511D2BADDECA00BA5375 /* Assets.xcassets in Resources */ = {isa = PBXBuildFile; fileRef = E70B511C2BADDECA00BA5375 /* Assets.xcassets */; };
		E70B51202BADDECA00BA5375 /* Base in Resources */ = {isa = PBXBuildFile; fileRef = E70B511F2BADDECA00BA5375 /* Base */; };
		E70B512B2BADDECA00BA5375 /* PracticeAppTests.swift in Sources */ = {isa = PBXBuildFile; fileRef = E70B512A2BADDECA00BA5375 /* PracticeAppTests.swift */; };
		E70B51352BADDECA00BA5375 /* PracticeAppUITests.swift in Sources */ = {isa = PBXBuildFile; fileRef = E70B51342BADDECA00BA5375 /* PracticeAppUITests.swift */; };
		E70B51372BADDECA00BA5375 /* PracticeAppUITestsLaunchTests.swift in Sources */ = {isa = PBXBuildFile; fileRef = E70B51362BADDECA00BA5375 /* PracticeAppUITestsLaunchTests.swift */; };
/* End PBXBuildFile section */

/* Begin PBXContainerItemProxy section */
		E70B51272BADDECA00BA5375 /* PBXContainerItemProxy */ = {
			isa = PBXContainerItemProxy;
			containerPortal = E70B51052BADDEC900BA5375 /* Project object */;
			proxyType = 1;
			remoteGlobalIDString = E70B510C2BADDEC900BA5375;
			remoteInfo = PracticeApp;
		};
		E70B51312BADDECA00BA5375 /* PBXContainerItemProxy */ = {
			isa = PBXContainerItemProxy;
			containerPortal = E70B51052BADDEC900BA5375 /* Project object */;
			proxyType = 1;
			remoteGlobalIDString = E70B510C2BADDEC900BA5375;
			remoteInfo = PracticeApp;
		};
/* End PBXContainerItemProxy section */

/* Begin PBXFileReference section */
		E70B510D2BADDEC900BA5375 /* PracticeApp.app */ = {isa = PBXFileReference; explicitFileType = wrapper.application; includeInIndex = 0; path = PracticeApp.app; sourceTree = BUILT_PRODUCTS_DIR; };
		E70B51102BADDEC900BA5375 /* AppDelegate.swift */ = {isa = PBXFileReference; lastKnownFileType = sourcecode.swift; path = AppDelegate.swift; sourceTree = "<group>"; };
		E70B51122BADDEC900BA5375 /* SceneDelegate.swift */ = {isa = PBXFileReference; lastKnownFileType = sourcecode.swift; path = SceneDelegate.swift; sourceTree = "<group>"; };
		E70B51142BADDEC900BA5375 /* ViewController.swift */ = {isa = PBXFileReference; lastKnownFileType = sourcecode.swift; path = ViewController.swift; sourceTree = "<group>"; };
		E70B51172BADDEC900BA5375 /* Base */ = {isa = PBXFileReference; lastKnownFileType = file.storyboard; name = Base; path = Base.lproj/Main.storyboard; sourceTree = "<group>"; };
		E70B511A2BADDEC900BA5375 /* PracticeApp.xcdatamodel */ = {isa = PBXFileReference; lastKnownFileType = wrapper.xcdatamodel; path = PracticeApp.xcdatamodel; sourceTree = "<group>"; };
		E70B511C2BADDECA00BA5375 /* Assets.xcassets */ = {isa = PBXFileReference; lastKnownFileType = folder.assetcatalog; path = Assets.xcassets; sourceTree = "<group>"; };
		E70B511F2BADDECA00BA5375 /* Base */ = {isa = PBXFileReference; lastKnownFileType = file.storyboard; name = Base; path = Base.lproj/LaunchScreen.storyboard; sourceTree = "<group>"; };
		E70B51212BADDECA00BA5375 /* Info.plist */ = {isa = PBXFileReference; lastKnownFileType = text.plist.xml; path = Info.plist; sourceTree = "<group>"; };
		E70B51262BADDECA00BA5375 /* PracticeAppTests.xctest */ = {isa = PBXFileReference; explicitFileType = wrapper.cfbundle; includeInIndex = 0; path = PracticeAppTests.xctest; sourceTree = BUILT_PRODUCTS_DIR; };
		E70B512A2BADDECA00BA5375 /* PracticeAppTests.swift */ = {isa = PBXFileReference; lastKnownFileType = sourcecode.swift; path = PracticeAppTests.swift; sourceTree = "<group>"; };
		E70B51302BADDECA00BA5375 /* PracticeAppUITests.xctest */ = {isa = PBXFileReference; explicitFileType = wrapper.cfbundle; includeInIndex = 0; path = PracticeAppUITests.xctest; sourceTree = BUILT_PRODUCTS_DIR; };
		E70B51342BADDECA00BA5375 /* PracticeAppUITests.swift */ = {isa = PBXFileReference; lastKnownFileType = sourcecode.swift; path = PracticeAppUITests.swift; sourceTree = "<group>"; };
		E70B51362BADDECA00BA5375 /* PracticeAppUITestsLaunchTests.swift */ = {isa = PBXFileReference; lastKnownFileType = sourcecode.swift; path = PracticeAppUITestsLaunchTests.swift; sourceTree = "<group>"; };
/* End PBXFileReference section */

/* Begin PBXFrameworksBuildPhase section */
		E70B510A2BADDEC900BA5375 /* Frameworks */ = {
			isa = PBXFrameworksBuildPhase;
			buildActionMask = 2147483647;
			files = (
			);
			runOnlyForDeploymentPostprocessing = 0;
		};
		E70B51232BADDECA00BA5375 /* Frameworks */ = {
			isa = PBXFrameworksBuildPhase;
			buildActionMask = 2147483647;
			files = (
			);
			runOnlyForDeploymentPostprocessing = 0;
		};
		E70B512D2BADDECA00BA5375 /* Frameworks */ = {
			isa = PBXFrameworksBuildPhase;
			buildActionMask = 2147483647;
			files = (
			);
			runOnlyForDeploymentPostprocessing = 0;
		};
/* End PBXFrameworksBuildPhase section */

/* Begin PBXGroup section */
		E70B51042BADDEC900BA5375 = {
			isa = PBXGroup;
			children = (
				E70B510F2BADDEC900BA5375 /* PracticeApp */,
				E70B51292BADDECA00BA5375 /* PracticeAppTests */,
				E70B51332BADDECA00BA5375 /* PracticeAppUITests */,
				E70B510E2BADDEC900BA5375 /* Products */,
			);
			sourceTree = "<group>";
		};
		E70B510E2BADDEC900BA5375 /* Products */ = {
			isa = PBXGroup;
			children = (
				E70B510D2BADDEC900BA5375 /* PracticeApp.app */,
				E70B51262BADDECA00BA5375 /* PracticeAppTests.xctest */,
				E70B51302BADDECA00BA5375 /* PracticeAppUITests.xctest */,
			);
			name = Products;
			sourceTree = "<group>";
		};
		E70B510F2BADDEC900BA5375 /* PracticeApp */ = {
			isa = PBXGroup;
			children = (
				E70B51212BADDECA00BA5375 /* Info.plist */,
				E70B511C2BADDECA00BA5375 /* Assets.xcassets */,
				E70B51452BADF6F200BA5375 /* Lifecycle */,
				E70B51462BADF70100BA5375 /* Storyboards */,
				E70B51472BADF72800BA5375 /* Database */,
				E70B51142BADDEC900BA5375 /* ViewController.swift */,
			);
			path = PracticeApp;
			sourceTree = "<group>";
		};
		E70B51292BADDECA00BA5375 /* PracticeAppTests */ = {
			isa = PBXGroup;
			children = (
				E70B512A2BADDECA00BA5375 /* PracticeAppTests.swift */,
			);
			path = PracticeAppTests;
			sourceTree = "<group>";
		};
		E70B51332BADDECA00BA5375 /* PracticeAppUITests */ = {
			isa = PBXGroup;
			children = (
				E70B51342BADDECA00BA5375 /* PracticeAppUITests.swift */,
				E70B51362BADDECA00BA5375 /* PracticeAppUITestsLaunchTests.swift */,
			);
			path = PracticeAppUITests;
			sourceTree = "<group>";
		};
		E70B51452BADF6F200BA5375 /* Lifecycle */ = {
			isa = PBXGroup;
			children = (
				E70B51102BADDEC900BA5375 /* AppDelegate.swift */,
				E70B51122BADDEC900BA5375 /* SceneDelegate.swift */,
			);
			path = Lifecycle;
			sourceTree = "<group>";
		};
		E70B51462BADF70100BA5375 /* Storyboards */ = {
			isa = PBXGroup;
			children = (
				E70B51162BADDEC900BA5375 /* Main.storyboard */,
				E70B511E2BADDECA00BA5375 /* LaunchScreen.storyboard */,
			);
			path = Storyboards;
			sourceTree = "<group>";
		};
		E70B51472BADF72800BA5375 /* Database */ = {
			isa = PBXGroup;
			children = (
				E70B51192BADDEC900BA5375 /* PracticeApp.xcdatamodeld */,
			);
			path = Database;
			sourceTree = "<group>";
		};
/* End PBXGroup section */

/* Begin PBXNativeTarget section */
		E70B510C2BADDEC900BA5375 /* PracticeApp */ = {
			isa = PBXNativeTarget;
			buildConfigurationList = E70B513A2BADDECA00BA5375 /* Build configuration list for PBXNativeTarget "PracticeApp" */;
			buildPhases = (
				E70B51092BADDEC900BA5375 /* Sources */,
				E70B510A2BADDEC900BA5375 /* Frameworks */,
				E70B510B2BADDEC900BA5375 /* Resources */,
			);
			buildRules = (
			);
			dependencies = (
			);
			name = PracticeApp;
			productName = PracticeApp;
			productReference = E70B510D2BADDEC900BA5375 /* PracticeApp.app */;
			productType = "com.apple.product-type.application";
		};
		E70B51252BADDECA00BA5375 /* PracticeAppTests */ = {
			isa = PBXNativeTarget;
			buildConfigurationList = E70B513D2BADDECA00BA5375 /* Build configuration list for PBXNativeTarget "PracticeAppTests" */;
			buildPhases = (
				E70B51222BADDECA00BA5375 /* Sources */,
				E70B51232BADDECA00BA5375 /* Frameworks */,
				E70B51242BADDECA00BA5375 /* Resources */,
			);
			buildRules = (
			);
			dependencies = (
				E70B51282BADDECA00BA5375 /* PBXTargetDependency */,
			);
			name = PracticeAppTests;
			productName = PracticeAppTests;
			productReference = E70B51262BADDECA00BA5375 /* PracticeAppTests.xctest */;
			productType = "com.apple.product-type.bundle.unit-test";
		};
		E70B512F2BADDECA00BA5375 /* PracticeAppUITests */ = {
			isa = PBXNativeTarget;
			buildConfigurationList = E70B51402BADDECA00BA5375 /* Build configuration list for PBXNativeTarget "PracticeAppUITests" */;
			buildPhases = (
				E70B512C2BADDECA00BA5375 /* Sources */,
				E70B512D2BADDECA00BA5375 /* Frameworks */,
				E70B512E2BADDECA00BA5375 /* Resources */,
			);
			buildRules = (
			);
			dependencies = (
				E70B51322BADDECA00BA5375 /* PBXTargetDependency */,
			);
			name = PracticeAppUITests;
			productName = PracticeAppUITests;
			productReference = E70B51302BADDECA00BA5375 /* PracticeAppUITests.xctest */;
			productType = "com.apple.product-type.bundle.ui-testing";
		};
/* End PBXNativeTarget section */

/* Begin PBXProject section */
		E70B51052BADDEC900BA5375 /* Project object */ = {
			isa = PBXProject;
			attributes = {
				BuildIndependentTargetsInParallel = 1;
				LastSwiftUpdateCheck = 1530;
				LastUpgradeCheck = 1530;
				TargetAttributes = {
					E70B510C2BADDEC900BA5375 = {
						CreatedOnToolsVersion = 15.3;
					};
					E70B51252BADDECA00BA5375 = {
						CreatedOnToolsVersion = 15.3;
						TestTargetID = E70B510C2BADDEC900BA5375;
					};
					E70B512F2BADDECA00BA5375 = {
						CreatedOnToolsVersion = 15.3;
						TestTargetID = E70B510C2BADDEC900BA5375;
					};
				};
			};
			buildConfigurationList = E70B51082BADDEC900BA5375 /* Build configuration list for PBXProject "PracticeApp" */;
			compatibilityVersion = "Xcode 14.0";
			developmentRegion = en;
			hasScannedForEncodings = 0;
			knownRegions = (
				en,
				Base,
			);
			mainGroup = E70B51042BADDEC900BA5375;
			productRefGroup = E70B510E2BADDEC900BA5375 /* Products */;
			projectDirPath = "";
			projectRoot = "";
			targets = (
				E70B510C2BADDEC900BA5375 /* PracticeApp */,
				E70B51252BADDECA00BA5375 /* PracticeAppTests */,
				E70B512F2BADDECA00BA5375 /* PracticeAppUITests */,
			);
		};
/* End PBXProject section */

/* Begin PBXResourcesBuildPhase section */
		E70B510B2BADDEC900BA5375 /* Resources */ = {
			isa = PBXResourcesBuildPhase;
			buildActionMask = 2147483647;
			files = (
				E70B511D2BADDECA00BA5375 /* Assets.xcassets in Resources */,
				E70B51202BADDECA00BA5375 /* Base in Resources */,
				E70B51182BADDEC900BA5375 /* Base in Resources */,
			);
			runOnlyForDeploymentPostprocessing = 0;
		};
		E70B51242BADDECA00BA5375 /* Resources */ = {
			isa = PBXResourcesBuildPhase;
			buildActionMask = 2147483647;
			files = (
			);
			runOnlyForDeploymentPostprocessing = 0;
		};
		E70B512E2BADDECA00BA5375 /* Resources */ = {
			isa = PBXResourcesBuildPhase;
			buildActionMask = 2147483647;
			files = (
			);
			runOnlyForDeploymentPostprocessing = 0;
		};
/* End PBXResourcesBuildPhase section */

/* Begin PBXSourcesBuildPhase section */
		E70B51092BADDEC900BA5375 /* Sources */ = {
			isa = PBXSourcesBuildPhase;
			buildActionMask = 2147483647;
			files = (
				E70B511B2BADDEC900BA5375 /* PracticeApp.xcdatamodeld in Sources */,
				E70B51152BADDEC900BA5375 /* ViewController.swift in Sources */,
				E70B51112BADDEC900BA5375 /* AppDelegate.swift in Sources */,
				E70B51132BADDEC900BA5375 /* SceneDelegate.swift in Sources */,
			);
			runOnlyForDeploymentPostprocessing = 0;
		};
		E70B51222BADDECA00BA5375 /* Sources */ = {
			isa = PBXSourcesBuildPhase;
			buildActionMask = 2147483647;
			files = (
				E70B512B2BADDECA00BA5375 /* PracticeAppTests.swift in Sources */,
			);
			runOnlyForDeploymentPostprocessing = 0;
		};
		E70B512C2BADDECA00BA5375 /* Sources */ = {
			isa = PBXSourcesBuildPhase;
			buildActionMask = 2147483647;
			files = (
				E70B51352BADDECA00BA5375 /* PracticeAppUITests.swift in Sources */,
				E70B51372BADDECA00BA5375 /* PracticeAppUITestsLaunchTests.swift in Sources */,
			);
			runOnlyForDeploymentPostprocessing = 0;
		};
/* End PBXSourcesBuildPhase section */

/* Begin PBXTargetDependency section */
		E70B51282BADDECA00BA5375 /* PBXTargetDependency */ = {
			isa = PBXTargetDependency;
			target = E70B510C2BADDEC900BA5375 /* PracticeApp */;
			targetProxy = E70B51272BADDECA00BA5375 /* PBXContainerItemProxy */;
		};
		E70B51322BADDECA00BA5375 /* PBXTargetDependency */ = {
			isa = PBXTargetDependency;
			target = E70B510C2BADDEC900BA5375 /* PracticeApp */;
			targetProxy = E70B51312BADDECA00BA5375 /* PBXContainerItemProxy */;
		};
/* End PBXTargetDependency section */

/* Begin PBXVariantGroup section */
		E70B51162BADDEC900BA5375 /* Main.storyboard */ = {
			isa = PBXVariantGroup;
			children = (
				E70B51172BADDEC900BA5375 /* Base */,
			);
			name = Main.storyboard;
			sourceTree = "<group>";
		};
		E70B511E2BADDECA00BA5375 /* LaunchScreen.storyboard */ = {
			isa = PBXVariantGroup;
			children = (
				E70B511F2BADDECA00BA5375 /* Base */,
			);
			name = LaunchScreen.storyboard;
			sourceTree = "<group>";
		};
/* End PBXVariantGroup section */

/* Begin XCBuildConfiguration section */
		E70B51382BADDECA00BA5375 /* Debug */ = {
			isa = XCBuildConfiguration;
			buildSettings = {
				ALWAYS_SEARCH_USER_PATHS = NO;
				ASSETCATALOG_COMPILER_GENERATE_SWIFT_ASSET_SYMBOL_EXTENSIONS = YES;
				CLANG_ANALYZER_NONNULL = YES;
				CLANG_ANALYZER_NUMBER_OBJECT_CONVERSION = YES_AGGRESSIVE;
				CLANG_CXX_LANGUAGE_STANDARD = "gnu++20";
				CLANG_ENABLE_MODULES = YES;
				CLANG_ENABLE_OBJC_ARC = YES;
				CLANG_ENABLE_OBJC_WEAK = YES;
				CLANG_WARN_BLOCK_CAPTURE_AUTORELEASING = YES;
				CLANG_WARN_BOOL_CONVERSION = YES;
				CLANG_WARN_COMMA = YES;
				CLANG_WARN_CONSTANT_CONVERSION = YES;
				CLANG_WARN_DEPRECATED_OBJC_IMPLEMENTATIONS = YES;
				CLANG_WARN_DIRECT_OBJC_ISA_USAGE = YES_ERROR;
				CLANG_WARN_DOCUMENTATION_COMMENTS = YES;
				CLANG_WARN_EMPTY_BODY = YES;
				CLANG_WARN_ENUM_CONVERSION = YES;
				CLANG_WARN_INFINITE_RECURSION = YES;
				CLANG_WARN_INT_CONVERSION = YES;
				CLANG_WARN_NON_LITERAL_NULL_CONVERSION = YES;
				CLANG_WARN_OBJC_IMPLICIT_RETAIN_SELF = YES;
				CLANG_WARN_OBJC_LITERAL_CONVERSION = YES;
				CLANG_WARN_OBJC_ROOT_CLASS = YES_ERROR;
				CLANG_WARN_QUOTED_INCLUDE_IN_FRAMEWORK_HEADER = YES;
				CLANG_WARN_RANGE_LOOP_ANALYSIS = YES;
				CLANG_WARN_STRICT_PROTOTYPES = YES;
				CLANG_WARN_SUSPICIOUS_MOVE = YES;
				CLANG_WARN_UNGUARDED_AVAILABILITY = YES_AGGRESSIVE;
				CLANG_WARN_UNREACHABLE_CODE = YES;
				CLANG_WARN__DUPLICATE_METHOD_MATCH = YES;
				COPY_PHASE_STRIP = NO;
				DEBUG_INFORMATION_FORMAT = dwarf;
				ENABLE_STRICT_OBJC_MSGSEND = YES;
				ENABLE_TESTABILITY = YES;
				ENABLE_USER_SCRIPT_SANDBOXING = YES;
				GCC_C_LANGUAGE_STANDARD = gnu17;
				GCC_DYNAMIC_NO_PIC = NO;
				GCC_NO_COMMON_BLOCKS = YES;
				GCC_OPTIMIZATION_LEVEL = 0;
				GCC_PREPROCESSOR_DEFINITIONS = (
					"DEBUG=1",
					"$(inherited)",
				);
				GCC_WARN_64_TO_32_BIT_CONVERSION = YES;
				GCC_WARN_ABOUT_RETURN_TYPE = YES_ERROR;
				GCC_WARN_UNDECLARED_SELECTOR = YES;
				GCC_WARN_UNINITIALIZED_AUTOS = YES_AGGRESSIVE;
				GCC_WARN_UNUSED_FUNCTION = YES;
				GCC_WARN_UNUSED_VARIABLE = YES;
				IPHONEOS_DEPLOYMENT_TARGET = 17.4;
				LOCALIZATION_PREFERS_STRING_CATALOGS = YES;
				MTL_ENABLE_DEBUG_INFO = INCLUDE_SOURCE;
				MTL_FAST_MATH = YES;
				ONLY_ACTIVE_ARCH = YES;
				SDKROOT = iphoneos;
				SWIFT_ACTIVE_COMPILATION_CONDITIONS = "DEBUG $(inherited)";
				SWIFT_OPTIMIZATION_LEVEL = "-Onone";
			};
			name = Debug;
		};
		E70B51392BADDECA00BA5375 /* Release */ = {
			isa = XCBuildConfiguration;
			buildSettings = {
				ALWAYS_SEARCH_USER_PATHS = NO;
				ASSETCATALOG_COMPILER_GENERATE_SWIFT_ASSET_SYMBOL_EXTENSIONS = YES;
				CLANG_ANALYZER_NONNULL = YES;
				CLANG_ANALYZER_NUMBER_OBJECT_CONVERSION = YES_AGGRESSIVE;
				CLANG_CXX_LANGUAGE_STANDARD = "gnu++20";
				CLANG_ENABLE_MODULES = YES;
				CLANG_ENABLE_OBJC_ARC = YES;
				CLANG_ENABLE_OBJC_WEAK = YES;
				CLANG_WARN_BLOCK_CAPTURE_AUTORELEASING = YES;
				CLANG_WARN_BOOL_CONVERSION = YES;
				CLANG_WARN_COMMA = YES;
				CLANG_WARN_CONSTANT_CONVERSION = YES;
				CLANG_WARN_DEPRECATED_OBJC_IMPLEMENTATIONS = YES;
				CLANG_WARN_DIRECT_OBJC_ISA_USAGE = YES_ERROR;
				CLANG_WARN_DOCUMENTATION_COMMENTS = YES;
				CLANG_WARN_EMPTY_BODY = YES;
				CLANG_WARN_ENUM_CONVERSION = YES;
				CLANG_WARN_INFINITE_RECURSION = YES;
				CLANG_WARN_INT_CONVERSION = YES;
				CLANG_WARN_NON_LITERAL_NULL_CONVERSION = YES;
				CLANG_WARN_OBJC_IMPLICIT_RETAIN_SELF = YES;
				CLANG_WARN_OBJC_LITERAL_CONVERSION = YES;
				CLANG_WARN_OBJC_ROOT_CLASS = YES_ERROR;
				CLANG_WARN_QUOTED_INCLUDE_IN_FRAMEWORK_HEADER = YES;
				CLANG_WARN_RANGE_LOOP_ANALYSIS = YES;
				CLANG_WARN_STRICT_PROTOTYPES = YES;
				CLANG_WARN_SUSPICIOUS_MOVE = YES;
				CLANG_WARN_UNGUARDED_AVAILABILITY = YES_AGGRESSIVE;
				CLANG_WARN_UNREACHABLE_CODE = YES;
				CLANG_WARN__DUPLICATE_METHOD_MATCH = YES;
				COPY_PHASE_STRIP = NO;
				DEBUG_INFORMATION_FORMAT = "dwarf-with-dsym";
				ENABLE_NS_ASSERTIONS = NO;
				ENABLE_STRICT_OBJC_MSGSEND = YES;
				ENABLE_USER_SCRIPT_SANDBOXING = YES;
				GCC_C_LANGUAGE_STANDARD = gnu17;
				GCC_NO_COMMON_BLOCKS = YES;
				GCC_WARN_64_TO_32_BIT_CONVERSION = YES;
				GCC_WARN_ABOUT_RETURN_TYPE = YES_ERROR;
				GCC_WARN_UNDECLARED_SELECTOR = YES;
				GCC_WARN_UNINITIALIZED_AUTOS = YES_AGGRESSIVE;
				GCC_WARN_UNUSED_FUNCTION = YES;
				GCC_WARN_UNUSED_VARIABLE = YES;
				IPHONEOS_DEPLOYMENT_TARGET = 17.4;
				LOCALIZATION_PREFERS_STRING_CATALOGS = YES;
				MTL_ENABLE_DEBUG_INFO = NO;
				MTL_FAST_MATH = YES;
				SDKROOT = iphoneos;
				SWIFT_COMPILATION_MODE = wholemodule;
				VALIDATE_PRODUCT = YES;
			};
			name = Release;
		};
		E70B513B2BADDECA00BA5375 /* Debug */ = {
			isa = XCBuildConfiguration;
			buildSettings = {
				ASSETCATALOG_COMPILER_APPICON_NAME = AppIcon;
				ASSETCATALOG_COMPILER_GLOBAL_ACCENT_COLOR_NAME = AccentColor;
				CODE_SIGN_STYLE = Automatic;
				CURRENT_PROJECT_VERSION = 1;
				DEVELOPMENT_TEAM = A85Y85GH5K;
				GENERATE_INFOPLIST_FILE = YES;
				INFOPLIST_FILE = PracticeApp/Info.plist;
				INFOPLIST_KEY_UIApplicationSupportsIndirectInputEvents = YES;
				INFOPLIST_KEY_UILaunchStoryboardName = LaunchScreen;
				INFOPLIST_KEY_UIMainStoryboardFile = Main;
				INFOPLIST_KEY_UISupportedInterfaceOrientations_iPad = "UIInterfaceOrientationPortrait UIInterfaceOrientationPortraitUpsideDown UIInterfaceOrientationLandscapeLeft UIInterfaceOrientationLandscapeRight";
				INFOPLIST_KEY_UISupportedInterfaceOrientations_iPhone = "UIInterfaceOrientationPortrait UIInterfaceOrientationLandscapeLeft UIInterfaceOrientationLandscapeRight";
				LD_RUNPATH_SEARCH_PATHS = (
					"$(inherited)",
					"@executable_path/Frameworks",
				);
				MARKETING_VERSION = 1.0;
				PRODUCT_BUNDLE_IDENTIFIER = com.dhanajitkapali.PracticeApp;
				PRODUCT_NAME = "$(TARGET_NAME)";
				SWIFT_EMIT_LOC_STRINGS = YES;
				SWIFT_VERSION = 5.0;
				TARGETED_DEVICE_FAMILY = "1,2";
			};
			name = Debug;
		};
		E70B513C2BADDECA00BA5375 /* Release */ = {
			isa = XCBuildConfiguration;
			buildSettings = {
				ASSETCATALOG_COMPILER_APPICON_NAME = AppIcon;
				ASSETCATALOG_COMPILER_GLOBAL_ACCENT_COLOR_NAME = AccentColor;
				CODE_SIGN_STYLE = Automatic;
				CURRENT_PROJECT_VERSION = 1;
				DEVELOPMENT_TEAM = A85Y85GH5K;
				GENERATE_INFOPLIST_FILE = YES;
				INFOPLIST_FILE = PracticeApp/Info.plist;
				INFOPLIST_KEY_UIApplicationSupportsIndirectInputEvents = YES;
				INFOPLIST_KEY_UILaunchStoryboardName = LaunchScreen;
				INFOPLIST_KEY_UIMainStoryboardFile = Main;
				INFOPLIST_KEY_UISupportedInterfaceOrientations_iPad = "UIInterfaceOrientationPortrait UIInterfaceOrientationPortraitUpsideDown UIInterfaceOrientationLandscapeLeft UIInterfaceOrientationLandscapeRight";
				INFOPLIST_KEY_UISupportedInterfaceOrientations_iPhone = "UIInterfaceOrientationPortrait UIInterfaceOrientationLandscapeLeft UIInterfaceOrientationLandscapeRight";
				LD_RUNPATH_SEARCH_PATHS = (
					"$(inherited)",
					"@executable_path/Frameworks",
				);
				MARKETING_VERSION = 1.0;
				PRODUCT_BUNDLE_IDENTIFIER = com.dhanajitkapali.PracticeApp;
				PRODUCT_NAME = "$(TARGET_NAME)";
				SWIFT_EMIT_LOC_STRINGS = YES;
				SWIFT_VERSION = 5.0;
				TARGETED_DEVICE_FAMILY = "1,2";
			};
			name = Release;
		};
		E70B513E2BADDECA00BA5375 /* Debug */ = {
			isa = XCBuildConfiguration;
			buildSettings = {
				ALWAYS_EMBED_SWIFT_STANDARD_LIBRARIES = YES;
				BUNDLE_LOADER = "$(TEST_HOST)";
				CODE_SIGN_STYLE = Automatic;
				CURRENT_PROJECT_VERSION = 1;
				DEVELOPMENT_TEAM = A85Y85GH5K;
				GENERATE_INFOPLIST_FILE = YES;
				IPHONEOS_DEPLOYMENT_TARGET = 17.4;
				MARKETING_VERSION = 1.0;
				PRODUCT_BUNDLE_IDENTIFIER = com.dhanajitkapali.PracticeAppTests;
				PRODUCT_NAME = "$(TARGET_NAME)";
				SWIFT_EMIT_LOC_STRINGS = NO;
				SWIFT_VERSION = 5.0;
				TARGETED_DEVICE_FAMILY = "1,2";
				TEST_HOST = "$(BUILT_PRODUCTS_DIR)/PracticeApp.app/$(BUNDLE_EXECUTABLE_FOLDER_PATH)/PracticeApp";
			};
			name = Debug;
		};
		E70B513F2BADDECA00BA5375 /* Release */ = {
			isa = XCBuildConfiguration;
			buildSettings = {
				ALWAYS_EMBED_SWIFT_STANDARD_LIBRARIES = YES;
				BUNDLE_LOADER = "$(TEST_HOST)";
				CODE_SIGN_STYLE = Automatic;
				CURRENT_PROJECT_VERSION = 1;
				DEVELOPMENT_TEAM = A85Y85GH5K;
				GENERATE_INFOPLIST_FILE = YES;
				IPHONEOS_DEPLOYMENT_TARGET = 17.4;
				MARKETING_VERSION = 1.0;
				PRODUCT_BUNDLE_IDENTIFIER = com.dhanajitkapali.PracticeAppTests;
				PRODUCT_NAME = "$(TARGET_NAME)";
				SWIFT_EMIT_LOC_STRINGS = NO;
				SWIFT_VERSION = 5.0;
				TARGETED_DEVICE_FAMILY = "1,2";
				TEST_HOST = "$(BUILT_PRODUCTS_DIR)/PracticeApp.app/$(BUNDLE_EXECUTABLE_FOLDER_PATH)/PracticeApp";
			};
			name = Release;
		};
		E70B51412BADDECA00BA5375 /* Debug */ = {
			isa = XCBuildConfiguration;
			buildSettings = {
				ALWAYS_EMBED_SWIFT_STANDARD_LIBRARIES = YES;
				CODE_SIGN_STYLE = Automatic;
				CURRENT_PROJECT_VERSION = 1;
				DEVELOPMENT_TEAM = A85Y85GH5K;
				GENERATE_INFOPLIST_FILE = YES;
				MARKETING_VERSION = 1.0;
				PRODUCT_BUNDLE_IDENTIFIER = com.dhanajitkapali.PracticeAppUITests;
				PRODUCT_NAME = "$(TARGET_NAME)";
				SWIFT_EMIT_LOC_STRINGS = NO;
				SWIFT_VERSION = 5.0;
				TARGETED_DEVICE_FAMILY = "1,2";
				TEST_TARGET_NAME = PracticeApp;
			};
			name = Debug;
		};
		E70B51422BADDECA00BA5375 /* Release */ = {
			isa = XCBuildConfiguration;
			buildSettings = {
				ALWAYS_EMBED_SWIFT_STANDARD_LIBRARIES = YES;
				CODE_SIGN_STYLE = Automatic;
				CURRENT_PROJECT_VERSION = 1;
				DEVELOPMENT_TEAM = A85Y85GH5K;
				GENERATE_INFOPLIST_FILE = YES;
				MARKETING_VERSION = 1.0;
				PRODUCT_BUNDLE_IDENTIFIER = com.dhanajitkapali.PracticeAppUITests;
				PRODUCT_NAME = "$(TARGET_NAME)";
				SWIFT_EMIT_LOC_STRINGS = NO;
				SWIFT_VERSION = 5.0;
				TARGETED_DEVICE_FAMILY = "1,2";
				TEST_TARGET_NAME = PracticeApp;
			};
			name = Release;
		};
/* End XCBuildConfiguration section */

/* Begin XCConfigurationList section */
		E70B51082BADDEC900BA5375 /* Build configuration list for PBXProject "PracticeApp" */ = {
			isa = XCConfigurationList;
			buildConfigurations = (
				E70B51382BADDECA00BA5375 /* Debug */,
				E70B51392BADDECA00BA5375 /* Release */,
			);
			defaultConfigurationIsVisible = 0;
			defaultConfigurationName = Release;
		};
		E70B513A2BADDECA00BA5375 /* Build configuration list for PBXNativeTarget "PracticeApp" */ = {
			isa = XCConfigurationList;
			buildConfigurations = (
				E70B513B2BADDECA00BA5375 /* Debug */,
				E70B513C2BADDECA00BA5375 /* Release */,
			);
			defaultConfigurationIsVisible = 0;
			defaultConfigurationName = Release;
		};
		E70B513D2BADDECA00BA5375 /* Build configuration list for PBXNativeTarget "PracticeAppTests" */ = {
			isa = XCConfigurationList;
			buildConfigurations = (
				E70B513E2BADDECA00BA5375 /* Debug */,
				E70B513F2BADDECA00BA5375 /* Release */,
			);
			defaultConfigurationIsVisible = 0;
			defaultConfigurationName = Release;
		};
		E70B51402BADDECA00BA5375 /* Build configuration list for PBXNativeTarget "PracticeAppUITests" */ = {
			isa = XCConfigurationList;
			buildConfigurations = (
				E70B51412BADDECA00BA5375 /* Debug */,
				E70B51422BADDECA00BA5375 /* Release */,
			);
			defaultConfigurationIsVisible = 0;
			defaultConfigurationName = Release;
		};
/* End XCConfigurationList section */

/* Begin XCVersionGroup section */
		E70B51192BADDEC900BA5375 /* PracticeApp.xcdatamodeld */ = {
			isa = XCVersionGroup;
			children = (
				E70B511A2BADDEC900BA5375 /* PracticeApp.xcdatamodel */,
			);
			currentVersion = E70B511A2BADDEC900BA5375 /* PracticeApp.xcdatamodel */;
			path = PracticeApp.xcdatamodeld;
			sourceTree = "<group>";
			versionGroupType = wrapper.xcdatamodel;
		};
/* End XCVersionGroup section */
	};
	rootObject = E70B51052BADDEC900BA5375 /* Project object */;
}
